
Microsoft Visual Studio Solution File, Format Version 12.00
# Visual Studio Version 16
VisualStudioVersion = 16.0.30503.244
MinimumVisualStudioVersion = 10.0.40219.1
Project("{9A19103F-16F7-4668-BE54-9A1E7A4F7556}") = "Conductor.IdentityServer", "Conductor.IdentityServer\Conductor.IdentityServer.csproj", "{F998C53C-CC01-45E6-A11A-992DBEA86ED0}"
EndProject
Project("{9A19103F-16F7-4668-BE54-9A1E7A4F7556}") = "MyProtectResource01", "MyProtectResource01\MyProtectResource01.csproj", "{F6B4E61C-4624-4FF2-B337-95149677D74D}"
EndProject
Project("{9A19103F-16F7-4668-BE54-9A1E7A4F7556}") = "MyProtectResourcePwd", "MyProtectResourcePwd\MyProtectResourcePwd.csproj", "{E5EBC246-E9FE-497D-8EFE-111E0BAB17BC}"
EndProject
Project("{9A19103F-16F7-4668-BE54-9A1E7A4F7556}") = "MvcClient01", "MvcClient01\MvcClient01.csproj", "{C0B2AE94-DD7D-4374-996C-8ECAA788BA22}"
EndProject
Global
	GlobalSection(SolutionConfigurationPlatforms) = preSolution
		Debug|Any CPU = Debug|Any CPU
		Release|Any CPU = Release|Any CPU
	EndGlobalSection
	GlobalSection(ProjectConfigurationPlatforms) = postSolution
		{F998C53C-CC01-45E6-A11A-992DBEA86ED0}.Debug|Any CPU.ActiveCfg = Debug|Any CPU
		{F998C53C-CC01-45E6-A11A-992DBEA86ED0}.Debug|Any CPU.Build.0 = Debug|Any CPU
		{F998C53C-CC01-45E6-A11A-992DBEA86ED0}.Release|Any CPU.ActiveCfg = Release|Any CPU
		{F998C53C-CC01-45E6-A11A-992DBEA86ED0}.Release|Any CPU.Build.0 = Release|Any CPU
		{F6B4E61C-4624-4FF2-B337-95149677D74D}.Debug|Any CPU.ActiveCfg = Debug|Any CPU
		{F6B4E61C-4624-4FF2-B337-95149677D74D}.Debug|Any CPU.Build.0 = Debug|Any CPU
		{F6B4E61C-4624-4FF2-B337-95149677D74D}.Release|Any CPU.ActiveCfg = Release|Any CPU
		{F6B4E61C-4624-4FF2-B337-95149677D74D}.Release|Any CPU.Build.0 = Release|Any CPU
		{E5EBC246-E9FE-497D-8EFE-111E0BAB17BC}.Debug|Any CPU.ActiveCfg = Debug|Any CPU
		{E5EBC246-E9FE-497D-8EFE-111E0BAB17BC}.Debug|Any CPU.Build.0 = Debug|Any CPU
		{E5EBC246-E9FE-497D-8EFE-111E0BAB17BC}.Release|Any CPU.ActiveCfg = Release|Any CPU
		{E5EBC246-E9FE-497D-8EFE-111E0BAB17BC}.Release|Any CPU.Build.0 = Release|Any CPU
		{C0B2AE94-DD7D-4374-996C-8ECAA788BA22}.Debug|Any CPU.ActiveCfg = Debug|Any CPU
		{C0B2AE94-DD7D-4374-996C-8ECAA788BA22}.Debug|Any CPU.Build.0 = Debug|Any CPU
		{C0B2AE94-DD7D-4374-996C-8ECAA788BA22}.Release|Any CPU.ActiveCfg = Release|Any CPU
		{C0B2AE94-DD7D-4374-996C-8ECAA788BA22}.Release|Any CPU.Build.0 = Release|Any CPU
	EndGlobalSection
	GlobalSection(SolutionProperties) = preSolution
		HideSolutionNode = FALSE
	EndGlobalSection
	GlobalSection(ExtensibilityGlobals) = postSolution
		SolutionGuid = {8B424A6C-1348-49ED-B6C1-122EFDFEA58B}
	EndGlobalSection
EndGlobal
